
Microsoft Visual Studio Solution File, Format Version 12.00
# Visual Studio Version 17
VisualStudioVersion = 17.0.32126.317
MinimumVisualStudioVersion = 10.0.40219.1
Project("{8BC9CEB8-8B4A-11D0-8D11-00A0C91BC942}") = "Animate_gl", "Animate_gl_2015.vcxproj", "{35715FCE-A605-4775-B7F4-2EDA42F670BA}"
EndProject
Global
	GlobalSection(SolutionConfigurationPlatforms) = preSolution
		Debug|x86 = Debug|x86
	EndGlobalSection
	GlobalSection(ProjectConfigurationPlatforms) = postSolution
		{35715FCE-A605-4775-B7F4-2EDA42F670BA}.Debug|x86.ActiveCfg = Debug|Win32
		{35715FCE-A605-4775-B7F4-2EDA42F670BA}.Debug|x86.Build.0 = Debug|Win32
	EndGlobalSection
	GlobalSection(SolutionProperties) = preSolution
		HideSolutionNode = FALSE
	EndGlobalSection
	GlobalSection(ExtensibilityGlobals) = postSolution
		SolutionGuid = {5C5B9448-365B-4D02-BD85-83FFBD894FB1}
	EndGlobalSection
EndGlobal
